version = 0

[requires]
  ignite = {git = "https://gitcode.com/copur/ignite-cangjie.git", commitId = "c1215994591313c8d92506e0c2dbde60b82e53c0", branch = "main"}
  jinguissl = {git = "https://atomgit.com/cinyu/jinguiSSL", commitId = "0219ae0576182f6badcdcabace40aa9228378039"}
  opengauss = {git = "https://gitcode.com/copur/opengauss-driver.git", commitId = "faa031286906108a2bb53b52e68e4bbe71be9827", branch = "master", output-type = "static"}
  cjdotenv = {git = "https://gitcode.com/copur/cjdotenv.git", commitId = "cc1619b3d6677aa6a2d6ad359666d107f3b7ae26", branch = "master"}
  ahash = {git = "https://gitcode.com/copur/ahash.git", commitId = "9dceb7d65f2bbe78de7c8c28d0e43774f2ecfd11", branch = "master"}
  constrandom = {git = "https://gitcode.com/copur/constrandom.git", commitId = "f28ad655c3c2fb92dfd941b4fc3f42a87424bc2c", branch = "master"}
  getrandom = {git = "https://gitcode.com/copur/getrandom.git", commitId = "3bf9b1024ee8bce6b6f96c4669637678aaaa692c", branch = "master"}
  i128 = {git = "https://gitcode.com/OpenCangjieCommunity/i128", commitId = "74e2557d1cd09e33a37d9e286f27693dc9ec1f12", branch = "master"}
  hash2 = {git = "https://gitcode.com/OpenCangjieCommunity/hash2", commitId = "ff6eb8429adf582822652059bbcba082f54b7630", branch = "master"}
  cjpminfo = {git = "https://github.com/ystyle/cjpminfo.git", commitId = "ba8d9662e4ce2e69bacb300f427224cd75aa55f2", tag = "master"}
  brotli_middleware = {git = "https://gitcode.com/copur/brotli_middleware.git", commitId = "cb98c694aeed1b70bdf9654c11364f7ea713136e", branch = "main"}
  wasmedge_ffi = {git = "https://gitcode.com/copur/wasmedge_ffi.git", commitId = "7c23c33910c87f19d9ff0a87a0cbde7c6bf5f906", branch = "main"}
